
Microsoft Visual Studio Solution File, Format Version 12.00
# Visual Studio Version 17
VisualStudioVersion = 17.5.002.0
MinimumVisualStudioVersion = 10.0.40219.1
Project("{9A19103F-16F7-4668-BE54-9A1E7A4F7556}") = "Projeto_Web-Lh_Pets_Alunos", "Projeto_Web-Lh_Pets_Alunos.csproj", "{0CA09140-3FAA-45FB-8D0F-B78039D0E2F9}"
EndProject
Global
	GlobalSection(SolutionConfigurationPlatforms) = preSolution
		Debug|Any CPU = Debug|Any CPU
		Release|Any CPU = Release|Any CPU
	EndGlobalSection
	GlobalSection(ProjectConfigurationPlatforms) = postSolution
		{0CA09140-3FAA-45FB-8D0F-B78039D0E2F9}.Debug|Any CPU.ActiveCfg = Debug|Any CPU
		{0CA09140-3FAA-45FB-8D0F-B78039D0E2F9}.Debug|Any CPU.Build.0 = Debug|Any CPU
		{0CA09140-3FAA-45FB-8D0F-B78039D0E2F9}.Release|Any CPU.ActiveCfg = Release|Any CPU
		{0CA09140-3FAA-45FB-8D0F-B78039D0E2F9}.Release|Any CPU.Build.0 = Release|Any CPU
	EndGlobalSection
	GlobalSection(SolutionProperties) = preSolution
		HideSolutionNode = FALSE
	EndGlobalSection
	GlobalSection(ExtensibilityGlobals) = postSolution
		SolutionGuid = {C8DD15BA-4EF7-49CF-9624-537454F92D02}
	EndGlobalSection
EndGlobal
